
Microsoft Visual Studio Solution File, Format Version 12.00
# Visual Studio Version 17
VisualStudioVersion = 17.5.002.0
MinimumVisualStudioVersion = 10.0.40219.1
Project("{9A19103F-16F7-4668-BE54-9A1E7A4F7556}") = "LibraryManagementSystem", "LibraryManagementSystem.csproj", "{3F26E81C-267A-4CB3-ABA1-E31C13F1CDDF}"
EndProject
Global
	GlobalSection(SolutionConfigurationPlatforms) = preSolution
		Debug|Any CPU = Debug|Any CPU
		Release|Any CPU = Release|Any CPU
	EndGlobalSection
	GlobalSection(ProjectConfigurationPlatforms) = postSolution
		{3F26E81C-267A-4CB3-ABA1-E31C13F1CDDF}.Debug|Any CPU.ActiveCfg = Debug|Any CPU
		{3F26E81C-267A-4CB3-ABA1-E31C13F1CDDF}.Debug|Any CPU.Build.0 = Debug|Any CPU
		{3F26E81C-267A-4CB3-ABA1-E31C13F1CDDF}.Release|Any CPU.ActiveCfg = Release|Any CPU
		{3F26E81C-267A-4CB3-ABA1-E31C13F1CDDF}.Release|Any CPU.Build.0 = Release|Any CPU
	EndGlobalSection
	GlobalSection(SolutionProperties) = preSolution
		HideSolutionNode = FALSE
	EndGlobalSection
	GlobalSection(ExtensibilityGlobals) = postSolution
		SolutionGuid = {A8AF41AB-363E-40E8-9E96-4FAB3BA7460B}
	EndGlobalSection
EndGlobal
